{
  "name": "react-form-builder-example",
  "version": "0.0.0",
  "lockfileVersion": 1,
  "requires": true,
  "dependencies": {
    "@babel/helper-plugin-utils": {
      "version": "7.14.5",
      "resolved": "https://registry.npmjs.org/@babel/helper-plugin-utils/-/helper-plugin-utils-7.14.5.tgz",
      "integrity": "sha512-/37qQCE3K0vvZKwoK4XU/irIJQdIfCJuhU5eKnNxpFDsOkgFaUAwbv+RYw6eYgsC0E4hS7r5KqGULUogqui0fQ==",
      "dev": true
    },
    "@babel/plugin-syntax-object-rest-spread": {
      "version": "7.8.3",
      "resolved": "https://registry.npmjs.org/@babel/plugin-syntax-object-rest-spread/-/plugin-syntax-object-rest-spread-7.8.3.tgz",
      "integrity": "sha512-XoqMijGZb9y3y2XskN+P1wUGiVwWZ5JmoDRwx5+3GmEplNyVM2s2Dg8ILFQm8rWM48orGy5YpI5Bl8U1y7ydlA==",
      "dev": true,
      "requires": {
        "@babel/helper-plugin-utils": "^7.8.0"
      }
    },
    "react": {
      "version": "file:../node_modules/react",
      "integrity": "sha512-gnhPt75i/dq/z3/6q/0asP78D0u592D5L1pd7M8P+dck6Fu/jJeL6iVVK23fptSUZj8Vjf++7wXA8UNclGQcbA=="
    },
    "react-dom": {
      "version": "file:../node_modules/react-dom",
      "integrity": "sha512-s4h96KtLDUQlsENhMn1ar8t2bEa+q/YAtj8pPPdIjPDGBDIVNsrD9aXNWqspUe6AzKCIG0C1HZZLqLV7qpOBGA=="
    },
    "react-form-builder": {
      "version": "file:..",
      "dependencies": {
        "react": {
          "version": "17.0.2",
          "resolved": "https://registry.npmjs.org/react/-/react-17.0.2.tgz",
          "integrity": "sha512-gnhPt75i/dq/z3/6q/0asP78D0u592D5L1pd7M8P+dck6Fu/jJeL6iVVK23fptSUZj8Vjf++7wXA8UNclGQcbA=="
        },
        "react-dom": {
          "version": "17.0.2",
          "resolved": "https://registry.npmjs.org/react-dom/-/react-dom-17.0.2.tgz",
          "integrity": "sha512-s4h96KtLDUQlsENhMn1ar8t2bEa+q/YAtj8pPPdIjPDGBDIVNsrD9aXNWqspUe6AzKCIG0C1HZZLqLV7qpOBGA=="
        },
        "react-scripts": {
          "version": "3.4.4",
          "resolved": "https://registry.npmjs.org/react-scripts/-/react-scripts-3.4.4.tgz",
          "integrity": "sha512-7J7GZyF/QvZkKAZLneiOIhHozvOMHey7hO9cdO9u68jjhGZlI8hDdOm6UyuHofn6Ajc9Uji5I6Psm/nKNuWdyw==",
          "requires": {
            "semver": "6.3.0"
          }
        }
      }
    },
    "react-scripts": {
      "version": "file:../node_modules/react-scripts",
      "integrity": "sha512-7J7GZyF/QvZkKAZLneiOIhHozvOMHey7hO9cdO9u68jjhGZlI8hDdOm6UyuHofn6Ajc9Uji5I6Psm/nKNuWdyw=="
    }
  }
}
